{
  "name": "cmacc-example-escrow",
  "version": "2.0.0",
  "lockfileVersion": 1,
  "requires": true,
  "dependencies": {
    "cmacc-example-geo": {
      "version": "2.0.1",
      "resolved": "https://registry.npmjs.org/cmacc-example-geo/-/cmacc-example-geo-2.0.1.tgz",
      "integrity": "sha512-KiHSYW7mCo2UJUPyF9s+fGEOr6UsYxgSCOl/vc5S+y1DrFcja7SqsYscQyTaJsO+7U/dTNOB5JIYAd//aZZHnA=="
    },
    "cmacc-example-id": {
      "version": "2.0.4",
      "resolved": "https://registry.npmjs.org/cmacc-example-id/-/cmacc-example-id-2.0.4.tgz",
      "integrity": "sha512-hc5nVjVGNM587/HjiUi1o4FVQRGxF5eXisncXQg9fMN4hfiAcpeL2PjteXxjPMS6GTgc4ot+32sMGT6xew+JbA==",
      "requires": {
        "cmacc-example-geo": "2.0.1",
        "cmacc-lib-id": "2.0.1",
        "cmacc-lib-lang": "2.0.3"
      }
    },
    "cmacc-lib-geo": {
      "version": "2.0.3",
      "resolved": "https://registry.npmjs.org/cmacc-lib-geo/-/cmacc-lib-geo-2.0.3.tgz",
      "integrity": "sha512-Q9k51lu0dazZv/BwhvsNf/JWHage52hcw8XRT/O44BNQok0iLrpMV4NzcHjp88brXALw2Dcus2vkozDRJ7IjDQ=="
    },
    "cmacc-lib-id": {
      "version": "2.0.1",
      "resolved": "https://registry.npmjs.org/cmacc-lib-id/-/cmacc-lib-id-2.0.1.tgz",
      "integrity": "sha512-Qfg23t+0YP/jwCG/T8WPCqZ7bSElPoB9FXdU+sa7qCge1SUYQbfreNOFLquAuxoWKl4F7mps0MZhKBhJutduKg==",
      "requires": {
        "cmacc-lib-geo": "github:cmacclang/cmacc-lib-geo#0ef97f0ed533bf8435dbc0d8d8cd9de2515317da",
        "cmacc-lib-lang": "github:cmacclang/cmacc-lib-lang#9ffeddfe1977faaee1fd7ee6708cf09c20853055"
      },
      "dependencies": {
        "cmacc-lib-geo": {
          "version": "github:cmacclang/cmacc-lib-geo#0ef97f0ed533bf8435dbc0d8d8cd9de2515317da"
        },
        "cmacc-lib-lang": {
          "version": "github:cmacclang/cmacc-lib-lang#9ffeddfe1977faaee1fd7ee6708cf09c20853055"
        }
      }
    },
    "cmacc-lib-lang": {
      "version": "2.0.3",
      "resolved": "https://registry.npmjs.org/cmacc-lib-lang/-/cmacc-lib-lang-2.0.3.tgz",
      "integrity": "sha512-nCGeqmqPavrrr9lK79xQkkCWuPQgHs57xhtNKCL4C9jB2Mea//ho1YO+gB/2TEqDKbUIuayqAkpZfrmeLgjd+A=="
    },
    "cmacc-lib-us": {
      "version": "2.0.4",
      "resolved": "https://registry.npmjs.org/cmacc-lib-us/-/cmacc-lib-us-2.0.4.tgz",
      "integrity": "sha512-PV+H/HAocn0+f//6bg2yixBEczY1/4tKxQc7EoHOo/wXTWwjNY2GXOHJHC0K1ODPN4cqpVlZW0X8kC3b1Brpcw==",
      "requires": {
        "cmacc-lib-geo": "2.0.3",
        "cmacc-lib-id": "2.0.1",
        "cmacc-lib-lang": "2.0.3"
      }
    }
  }
}
