# THIS IS AN AUTOGENERATED FILE. DO NOT EDIT THIS FILE DIRECTLY.
# yarn lockfile v1


cmacc-example-geo@2.0.3:
  version "2.0.1"
  resolved "https://registry.yarnpkg.com/cmacc-example-geo/-/cmacc-example-geo-2.0.1.tgz#99cc751754e7bab5d8fe9132a9244bbf93619d4e"

cmacc-example-id@2.0.3:
  version "2.0.3"
  resolved "https://registry.yarnpkg.com/cmacc-example-id/-/cmacc-example-id-2.0.3.tgz#19f63cdb01dc910ffb8e34aab298984e5ca7d6c8"
  dependencies:
    cmacc-example-geo "2.0.3"
    cmacc-lib-id "2.0.1"
    cmacc-lib-lang "2.0.3"

cmacc-lib-geo@2.0.3, "cmacc-lib-geo@github:cmacclang/cmacc-lib-geo":
  version "2.0.3"
  resolved "https://registry.yarnpkg.com/cmacc-lib-geo/-/cmacc-lib-geo-2.0.3.tgz#4839d78bdf8419e7345340bcdb2331f99b0c018d"

cmacc-lib-id@2.0.1:
  version "2.0.1"
  resolved "https://registry.yarnpkg.com/cmacc-lib-id/-/cmacc-lib-id-2.0.1.tgz#57359d0275d51b976af1caca72511b04f37adb80"
  dependencies:
    cmacc-lib-geo cmacclang/cmacc-lib-geo
    cmacc-lib-lang cmacclang/cmacc-lib-lang

cmacc-lib-lang@2.0.3, "cmacc-lib-lang@github:cmacclang/cmacc-lib-lang":
  version "2.0.3"
  resolved "https://registry.yarnpkg.com/cmacc-lib-lang/-/cmacc-lib-lang-2.0.3.tgz#e7509c9b33481b3a810b1845b30fc925e1f3103c"

cmacc-lib-us@2.0.3:
  version "2.0.3"
  resolved "https://registry.yarnpkg.com/cmacc-lib-us/-/cmacc-lib-us-2.0.3.tgz#6a9ee5dbf8180c576ce2d231838791f0ac260f31"
  dependencies:
    cmacc-lib-geo "2.0.3"
    cmacc-lib-id "2.0.1"
    cmacc-lib-lang "2.0.3"
